
Microsoft Visual Studio Solution File, Format Version 12.00
# Visual Studio 15
VisualStudioVersion = 15.0.28307.757
MinimumVisualStudioVersion = 10.0.40219.1
Project("{9A19103F-16F7-4668-BE54-9A1E7A4F7556}") = "ProjectWeb", "ProjectWeb\ProjectWeb.csproj", "{D0C426BE-4E5C-4C76-A72D-31CAA0DF4594}"
EndProject
Project("{9A19103F-16F7-4668-BE54-9A1E7A4F7556}") = "ProjectWebICoreService", "ProjectWebICoreService\ProjectWebICoreService.csproj", "{91F0F252-6AC2-408E-A52A-22FB9889F39A}"
EndProject
Project("{9A19103F-16F7-4668-BE54-9A1E7A4F7556}") = "ProjectWebDataAccess", "ProjectWebDataAccess\ProjectWebDataAccess.csproj", "{F8FAD68F-6571-457C-A481-1889E63FAFE0}"
EndProject
Project("{9A19103F-16F7-4668-BE54-9A1E7A4F7556}") = "ProjectWebModel", "ProjectWebModel\ProjectWebModel.csproj", "{AA3CEB89-903A-4255-AA2C-2435087B1411}"
EndProject
Project("{9A19103F-16F7-4668-BE54-9A1E7A4F7556}") = "ProjectWebCommon", "ProjectWebCommon\ProjectWebCommon.csproj", "{2A896D7B-8CB4-41AA-966C-98D31D590B43}"
EndProject
Project("{9A19103F-16F7-4668-BE54-9A1E7A4F7556}") = "ProjectWebBusiness", "ProjectWebBusiness\ProjectWebBusiness.csproj", "{C0DC35F2-7124-4583-8177-D850EE143E55}"
EndProject
Global
	GlobalSection(SolutionConfigurationPlatforms) = preSolution
		Debug|Any CPU = Debug|Any CPU
		Release|Any CPU = Release|Any CPU
	EndGlobalSection
	GlobalSection(ProjectConfigurationPlatforms) = postSolution
		{D0C426BE-4E5C-4C76-A72D-31CAA0DF4594}.Debug|Any CPU.ActiveCfg = Debug|Any CPU
		{D0C426BE-4E5C-4C76-A72D-31CAA0DF4594}.Debug|Any CPU.Build.0 = Debug|Any CPU
		{D0C426BE-4E5C-4C76-A72D-31CAA0DF4594}.Release|Any CPU.ActiveCfg = Release|Any CPU
		{D0C426BE-4E5C-4C76-A72D-31CAA0DF4594}.Release|Any CPU.Build.0 = Release|Any CPU
		{91F0F252-6AC2-408E-A52A-22FB9889F39A}.Debug|Any CPU.ActiveCfg = Debug|Any CPU
		{91F0F252-6AC2-408E-A52A-22FB9889F39A}.Debug|Any CPU.Build.0 = Debug|Any CPU
		{91F0F252-6AC2-408E-A52A-22FB9889F39A}.Release|Any CPU.ActiveCfg = Release|Any CPU
		{91F0F252-6AC2-408E-A52A-22FB9889F39A}.Release|Any CPU.Build.0 = Release|Any CPU
		{F8FAD68F-6571-457C-A481-1889E63FAFE0}.Debug|Any CPU.ActiveCfg = Debug|Any CPU
		{F8FAD68F-6571-457C-A481-1889E63FAFE0}.Debug|Any CPU.Build.0 = Debug|Any CPU
		{F8FAD68F-6571-457C-A481-1889E63FAFE0}.Release|Any CPU.ActiveCfg = Release|Any CPU
		{F8FAD68F-6571-457C-A481-1889E63FAFE0}.Release|Any CPU.Build.0 = Release|Any CPU
		{AA3CEB89-903A-4255-AA2C-2435087B1411}.Debug|Any CPU.ActiveCfg = Debug|Any CPU
		{AA3CEB89-903A-4255-AA2C-2435087B1411}.Debug|Any CPU.Build.0 = Debug|Any CPU
		{AA3CEB89-903A-4255-AA2C-2435087B1411}.Release|Any CPU.ActiveCfg = Release|Any CPU
		{AA3CEB89-903A-4255-AA2C-2435087B1411}.Release|Any CPU.Build.0 = Release|Any CPU
		{2A896D7B-8CB4-41AA-966C-98D31D590B43}.Debug|Any CPU.ActiveCfg = Debug|Any CPU
		{2A896D7B-8CB4-41AA-966C-98D31D590B43}.Debug|Any CPU.Build.0 = Debug|Any CPU
		{2A896D7B-8CB4-41AA-966C-98D31D590B43}.Release|Any CPU.ActiveCfg = Release|Any CPU
		{2A896D7B-8CB4-41AA-966C-98D31D590B43}.Release|Any CPU.Build.0 = Release|Any CPU
		{C0DC35F2-7124-4583-8177-D850EE143E55}.Debug|Any CPU.ActiveCfg = Debug|Any CPU
		{C0DC35F2-7124-4583-8177-D850EE143E55}.Debug|Any CPU.Build.0 = Debug|Any CPU
		{C0DC35F2-7124-4583-8177-D850EE143E55}.Release|Any CPU.ActiveCfg = Release|Any CPU
		{C0DC35F2-7124-4583-8177-D850EE143E55}.Release|Any CPU.Build.0 = Release|Any CPU
	EndGlobalSection
	GlobalSection(SolutionProperties) = preSolution
		HideSolutionNode = FALSE
	EndGlobalSection
	GlobalSection(ExtensibilityGlobals) = postSolution
		SolutionGuid = {5843D5D6-DC14-4317-B510-A66FBD6B807A}
	EndGlobalSection
EndGlobal
